
Microsoft Visual Studio Solution File, Format Version 12.00
# Visual Studio Version 17
VisualStudioVersion = 17.11.35201.85
MinimumVisualStudioVersion = 10.0.40219.1
Project("{FAE04EC0-301F-11D3-BF4B-00C04F79EFBC}") = "DaprStateStore", "DaprStateStore\DaprStateStore.csproj", "{F3161434-6AFE-4FAF-9651-4F31F65AFE8E}"
EndProject
Project("{2150E333-8FDC-42A3-9474-1A3956D46DE8}") = "Resources", "Resources", "{01F079C1-4924-4233-A356-06DE84DC9680}"
	ProjectSection(SolutionItems) = preProject
		statestore.yaml = statestore.yaml
	EndProjectSection
EndProject
Global
	GlobalSection(SolutionConfigurationPlatforms) = preSolution
		Debug|Any CPU = Debug|Any CPU
		Release|Any CPU = Release|Any CPU
	EndGlobalSection
	GlobalSection(ProjectConfigurationPlatforms) = postSolution
		{F3161434-6AFE-4FAF-9651-4F31F65AFE8E}.Debug|Any CPU.ActiveCfg = Debug|Any CPU
		{F3161434-6AFE-4FAF-9651-4F31F65AFE8E}.Debug|Any CPU.Build.0 = Debug|Any CPU
		{F3161434-6AFE-4FAF-9651-4F31F65AFE8E}.Release|Any CPU.ActiveCfg = Release|Any CPU
		{F3161434-6AFE-4FAF-9651-4F31F65AFE8E}.Release|Any CPU.Build.0 = Release|Any CPU
	EndGlobalSection
	GlobalSection(SolutionProperties) = preSolution
		HideSolutionNode = FALSE
	EndGlobalSection
	GlobalSection(ExtensibilityGlobals) = postSolution
		SolutionGuid = {98009256-1171-4FCD-890E-45BF6D6C80D1}
	EndGlobalSection
EndGlobal
